PODS:
  - Alamofire (4.6.0)
  - Cache (4.1.2)
  - FLAnimatedImage (1.0.12)
  - GiphyCoreSDK (1.1.0)
  - SDWebImage/Core (4.3.0)
  - SDWebImage/GIF (4.3.0):
    - FLAnimatedImage (~> 1.0)
    - SDWebImage/Core

DEPENDENCIES:
  - Alamofire
  - Cache
  - GiphyCoreSDK
  - SDWebImage/GIF

SPEC CHECKSUMS:
  Alamofire: f41a599bd63041760b26d393ec1069d9d7b917f4
  Cache: bd0233fc688b5e83a27bcd87807db7e6f23adcc5
  FLAnimatedImage: 4a0b56255d9b05f18b6dd7ee06871be5d3b89e31
  GiphyCoreSDK: 1bfdbc1c9ae2c09bbaa39b3a6159cbb9bf240a4a
  SDWebImage: 6da6c8bca115addc4de8613362e1b15f66333825

PODFILE CHECKSUM: a961937fbde501f46e882b292909ac6aed19d98a

COCOAPODS: 1.4.0
